
Microsoft Visual Studio Solution File, Format Version 12.00
# Visual Studio Version 17
VisualStudioVersion = 17.10.35027.167
MinimumVisualStudioVersion = 10.0.40219.1
Project("{FAE04EC0-301F-11D3-BF4B-00C04F79EFBC}") = "foodball", "foodball\foodball.csproj", "{F728AE9F-D92F-4C1E-A168-222328F23690}"
EndProject
Global
	GlobalSection(SolutionConfigurationPlatforms) = preSolution
		Debug|Any CPU = Debug|Any CPU
		Release|Any CPU = Release|Any CPU
	EndGlobalSection
	GlobalSection(ProjectConfigurationPlatforms) = postSolution
		{F728AE9F-D92F-4C1E-A168-222328F23690}.Debug|Any CPU.ActiveCfg = Debug|Any CPU
		{F728AE9F-D92F-4C1E-A168-222328F23690}.Debug|Any CPU.Build.0 = Debug|Any CPU
		{F728AE9F-D92F-4C1E-A168-222328F23690}.Release|Any CPU.ActiveCfg = Release|Any CPU
		{F728AE9F-D92F-4C1E-A168-222328F23690}.Release|Any CPU.Build.0 = Release|Any CPU
	EndGlobalSection
	GlobalSection(SolutionProperties) = preSolution
		HideSolutionNode = FALSE
	EndGlobalSection
	GlobalSection(ExtensibilityGlobals) = postSolution
		SolutionGuid = {E54C665B-312B-4CE3-A66F-201C47FCC465}
	EndGlobalSection
EndGlobal
